
Microsoft Visual Studio Solution File, Format Version 12.00
# Visual Studio Version 17
VisualStudioVersion = 17.0.32014.148
MinimumVisualStudioVersion = 10.0.40219.1
Project("{FAE04EC0-301F-11D3-BF4B-00C04F79EFBC}") = "GeneticAlgoritm", "GeneticAlgoritm\GeneticAlgoritm.csproj", "{529C177E-6593-4420-8103-23C45B153EBE}"
EndProject
Global
	GlobalSection(SolutionConfigurationPlatforms) = preSolution
		Debug|Any CPU = Debug|Any CPU
		Release|Any CPU = Release|Any CPU
	EndGlobalSection
	GlobalSection(ProjectConfigurationPlatforms) = postSolution
		{529C177E-6593-4420-8103-23C45B153EBE}.Debug|Any CPU.ActiveCfg = Debug|Any CPU
		{529C177E-6593-4420-8103-23C45B153EBE}.Debug|Any CPU.Build.0 = Debug|Any CPU
		{529C177E-6593-4420-8103-23C45B153EBE}.Release|Any CPU.ActiveCfg = Release|Any CPU
		{529C177E-6593-4420-8103-23C45B153EBE}.Release|Any CPU.Build.0 = Release|Any CPU
	EndGlobalSection
	GlobalSection(SolutionProperties) = preSolution
		HideSolutionNode = FALSE
	EndGlobalSection
	GlobalSection(ExtensibilityGlobals) = postSolution
		SolutionGuid = {B3521E60-839C-4E86-B499-92CB7F6D0B34}
	EndGlobalSection
EndGlobal
